// !$*UTF8*$!
{
	archiveVersion = 1;
	classes = {
	};
	objectVersion = 56;
	objects = {

/* Begin PBXBuildFile section */
		642643F82B8BCFDB008A8FAC /* BannerModel.swift in Sources */ = {isa = PBXBuildFile; fileRef = 642643F72B8BCFDB008A8FAC /* BannerModel.swift */; };
		642643FA2B8BDBC8008A8FAC /* BannerView.swift in Sources */ = {isa = PBXBuildFile; fileRef = 642643F92B8BDBC8008A8FAC /* BannerView.swift */; };
		6434932F2B8BED77004880EC /* BannerSize + ext.swift in Sources */ = {isa = PBXBuildFile; fileRef = 6434932E2B8BED77004880EC /* BannerSize + ext.swift */; };
		6437BA852B86198600FFA22F /* NovelsListViewModel.swift in Sources */ = {isa = PBXBuildFile; fileRef = 6437BA842B86198600FFA22F /* NovelsListViewModel.swift */; };
		6437BA882B861A1100FFA22F /* Alert.swift in Sources */ = {isa = PBXBuildFile; fileRef = 6437BA872B861A1100FFA22F /* Alert.swift */; };
		646EFAE32B85CC710094CDE3 /* CardView.swift in Sources */ = {isa = PBXBuildFile; fileRef = 646EFAE22B85CC710094CDE3 /* CardView.swift */; };
		646EFAE52B85D21C0094CDE3 /* NetworkManager.swift in Sources */ = {isa = PBXBuildFile; fileRef = 646EFAE42B85D21C0094CDE3 /* NetworkManager.swift */; };
		646EFAE72B85D22B0094CDE3 /* NovelModel.swift in Sources */ = {isa = PBXBuildFile; fileRef = 646EFAE62B85D22B0094CDE3 /* NovelModel.swift */; };
		646EFAE92B85DB0E0094CDE3 /* APError.swift in Sources */ = {isa = PBXBuildFile; fileRef = 646EFAE82B85DB0E0094CDE3 /* APError.swift */; };
		64CB46BC2B85891900699611 /* Dek_D_InternApp.swift in Sources */ = {isa = PBXBuildFile; fileRef = 64CB46BB2B85891900699611 /* Dek_D_InternApp.swift */; };
		64CB46C02B85891B00699611 /* Assets.xcassets in Resources */ = {isa = PBXBuildFile; fileRef = 64CB46BF2B85891B00699611 /* Assets.xcassets */; };
		64CB46C32B85891B00699611 /* Preview Assets.xcassets in Resources */ = {isa = PBXBuildFile; fileRef = 64CB46C22B85891B00699611 /* Preview Assets.xcassets */; };
		64CB46CE2B858B8C00699611 /* NovelsListView.swift in Sources */ = {isa = PBXBuildFile; fileRef = 64CB46CD2B858B8C00699611 /* NovelsListView.swift */; };
		64D75EC72B8B9FBE0058B29D /* RemoteInage.swift in Sources */ = {isa = PBXBuildFile; fileRef = 64D75EC62B8B9FBE0058B29D /* RemoteInage.swift */; };
/* End PBXBuildFile section */

/* Begin PBXFileReference section */
		642643F72B8BCFDB008A8FAC /* BannerModel.swift */ = {isa = PBXFileReference; lastKnownFileType = sourcecode.swift; path = BannerModel.swift; sourceTree = "<group>"; };
		642643F92B8BDBC8008A8FAC /* BannerView.swift */ = {isa = PBXFileReference; lastKnownFileType = sourcecode.swift; path = BannerView.swift; sourceTree = "<group>"; };
		6434932E2B8BED77004880EC /* BannerSize + ext.swift */ = {isa = PBXFileReference; lastKnownFileType = sourcecode.swift; path = "BannerSize + ext.swift"; sourceTree = "<group>"; };
		6437BA842B86198600FFA22F /* NovelsListViewModel.swift */ = {isa = PBXFileReference; lastKnownFileType = sourcecode.swift; path = NovelsListViewModel.swift; sourceTree = "<group>"; };
		6437BA872B861A1100FFA22F /* Alert.swift */ = {isa = PBXFileReference; lastKnownFileType = sourcecode.swift; path = Alert.swift; sourceTree = "<group>"; };
		646EFAE22B85CC710094CDE3 /* CardView.swift */ = {isa = PBXFileReference; lastKnownFileType = sourcecode.swift; path = CardView.swift; sourceTree = "<group>"; };
		646EFAE42B85D21C0094CDE3 /* NetworkManager.swift */ = {isa = PBXFileReference; lastKnownFileType = sourcecode.swift; path = NetworkManager.swift; sourceTree = "<group>"; };
		646EFAE62B85D22B0094CDE3 /* NovelModel.swift */ = {isa = PBXFileReference; lastKnownFileType = sourcecode.swift; path = NovelModel.swift; sourceTree = "<group>"; };
		646EFAE82B85DB0E0094CDE3 /* APError.swift */ = {isa = PBXFileReference; lastKnownFileType = sourcecode.swift; path = APError.swift; sourceTree = "<group>"; };
		64CB46B82B85891900699611 /* Dek-D-Intern.app */ = {isa = PBXFileReference; explicitFileType = wrapper.application; includeInIndex = 0; path = "Dek-D-Intern.app"; sourceTree = BUILT_PRODUCTS_DIR; };
		64CB46BB2B85891900699611 /* Dek_D_InternApp.swift */ = {isa = PBXFileReference; lastKnownFileType = sourcecode.swift; path = Dek_D_InternApp.swift; sourceTree = "<group>"; };
		64CB46BF2B85891B00699611 /* Assets.xcassets */ = {isa = PBXFileReference; lastKnownFileType = folder.assetcatalog; path = Assets.xcassets; sourceTree = "<group>"; };
		64CB46C22B85891B00699611 /* Preview Assets.xcassets */ = {isa = PBXFileReference; lastKnownFileType = folder.assetcatalog; path = "Preview Assets.xcassets"; sourceTree = "<group>"; };
		64CB46CD2B858B8C00699611 /* NovelsListView.swift */ = {isa = PBXFileReference; lastKnownFileType = sourcecode.swift; path = NovelsListView.swift; sourceTree = "<group>"; };
		64D75EC62B8B9FBE0058B29D /* RemoteInage.swift */ = {isa = PBXFileReference; lastKnownFileType = sourcecode.swift; path = RemoteInage.swift; sourceTree = "<group>"; };
/* End PBXFileReference section */

/* Begin PBXFrameworksBuildPhase section */
		64CB46B52B85891900699611 /* Frameworks */ = {
			isa = PBXFrameworksBuildPhase;
			buildActionMask = 2147483647;
			files = (
			);
			runOnlyForDeploymentPostprocessing = 0;
		};
/* End PBXFrameworksBuildPhase section */

/* Begin PBXGroup section */
		6434932D2B8BED5E004880EC /* modifier */ = {
			isa = PBXGroup;
			children = (
				6434932E2B8BED77004880EC /* BannerSize + ext.swift */,
			);
			path = modifier;
			sourceTree = "<group>";
		};
		6437BA862B861A0200FFA22F /* Alert */ = {
			isa = PBXGroup;
			children = (
				6437BA872B861A1100FFA22F /* Alert.swift */,
			);
			path = Alert;
			sourceTree = "<group>";
		};
		646EFAE12B85CC5F0094CDE3 /* Components */ = {
			isa = PBXGroup;
			children = (
				6434932D2B8BED5E004880EC /* modifier */,
				646EFAE22B85CC710094CDE3 /* CardView.swift */,
				642643F92B8BDBC8008A8FAC /* BannerView.swift */,
			);
			path = Components;
			sourceTree = "<group>";
		};
		64CB46AF2B85891900699611 = {
			isa = PBXGroup;
			children = (
				64CB46BA2B85891900699611 /* Dek-D-Intern */,
				64CB46B92B85891900699611 /* Products */,
			);
			sourceTree = "<group>";
		};
		64CB46B92B85891900699611 /* Products */ = {
			isa = PBXGroup;
			children = (
				64CB46B82B85891900699611 /* Dek-D-Intern.app */,
			);
			name = Products;
			sourceTree = "<group>";
		};
		64CB46BA2B85891900699611 /* Dek-D-Intern */ = {
			isa = PBXGroup;
			children = (
				64CB46CC2B858B5C00699611 /* App */,
				64CB46C92B858AB400699611 /* View */,
				646EFAE12B85CC5F0094CDE3 /* Components */,
				64CB46CB2B858B5100699611 /* Manager */,
				64CB46CA2B858B4600699611 /* Model */,
				64CB46BF2B85891B00699611 /* Assets.xcassets */,
				64CB46C12B85891B00699611 /* Preview Content */,
			);
			path = "Dek-D-Intern";
			sourceTree = "<group>";
		};
		64CB46C12B85891B00699611 /* Preview Content */ = {
			isa = PBXGroup;
			children = (
				64CB46C22B85891B00699611 /* Preview Assets.xcassets */,
			);
			path = "Preview Content";
			sourceTree = "<group>";
		};
		64CB46C92B858AB400699611 /* View */ = {
			isa = PBXGroup;
			children = (
				64CB46CD2B858B8C00699611 /* NovelsListView.swift */,
				6437BA842B86198600FFA22F /* NovelsListViewModel.swift */,
			);
			path = View;
			sourceTree = "<group>";
		};
		64CB46CA2B858B4600699611 /* Model */ = {
			isa = PBXGroup;
			children = (
				646EFAE62B85D22B0094CDE3 /* NovelModel.swift */,
				642643F72B8BCFDB008A8FAC /* BannerModel.swift */,
			);
			path = Model;
			sourceTree = "<group>";
		};
		64CB46CB2B858B5100699611 /* Manager */ = {
			isa = PBXGroup;
			children = (
				6437BA862B861A0200FFA22F /* Alert */,
				646EFAE42B85D21C0094CDE3 /* NetworkManager.swift */,
				646EFAE82B85DB0E0094CDE3 /* APError.swift */,
				64D75EC62B8B9FBE0058B29D /* RemoteInage.swift */,
			);
			path = Manager;
			sourceTree = "<group>";
		};
		64CB46CC2B858B5C00699611 /* App */ = {
			isa = PBXGroup;
			children = (
				64CB46BB2B85891900699611 /* Dek_D_InternApp.swift */,
			);
			path = App;
			sourceTree = "<group>";
		};
/* End PBXGroup section */

/* Begin PBXNativeTarget section */
		64CB46B72B85891900699611 /* Dek-D-Intern */ = {
			isa = PBXNativeTarget;
			buildConfigurationList = 64CB46C62B85891B00699611 /* Build configuration list for PBXNativeTarget "Dek-D-Intern" */;
			buildPhases = (
				64CB46B42B85891900699611 /* Sources */,
				64CB46B52B85891900699611 /* Frameworks */,
				64CB46B62B85891900699611 /* Resources */,
			);
			buildRules = (
			);
			dependencies = (
			);
			name = "Dek-D-Intern";
			productName = "Dek-D-Intern";
			productReference = 64CB46B82B85891900699611 /* Dek-D-Intern.app */;
			productType = "com.apple.product-type.application";
		};
/* End PBXNativeTarget section */

/* Begin PBXProject section */
		64CB46B02B85891900699611 /* Project object */ = {
			isa = PBXProject;
			attributes = {
				BuildIndependentTargetsInParallel = 1;
				LastSwiftUpdateCheck = 1520;
				LastUpgradeCheck = 1520;
				TargetAttributes = {
					64CB46B72B85891900699611 = {
						CreatedOnToolsVersion = 15.2;
					};
				};
			};
			buildConfigurationList = 64CB46B32B85891900699611 /* Build configuration list for PBXProject "Dek-D-Intern" */;
			compatibilityVersion = "Xcode 14.0";
			developmentRegion = en;
			hasScannedForEncodings = 0;
			knownRegions = (
				en,
				Base,
			);
			mainGroup = 64CB46AF2B85891900699611;
			productRefGroup = 64CB46B92B85891900699611 /* Products */;
			projectDirPath = "";
			projectRoot = "";
			targets = (
				64CB46B72B85891900699611 /* Dek-D-Intern */,
			);
		};
/* End PBXProject section */

/* Begin PBXResourcesBuildPhase section */
		64CB46B62B85891900699611 /* Resources */ = {
			isa = PBXResourcesBuildPhase;
			buildActionMask = 2147483647;
			files = (
				64CB46C32B85891B00699611 /* Preview Assets.xcassets in Resources */,
				64CB46C02B85891B00699611 /* Assets.xcassets in Resources */,
			);
			runOnlyForDeploymentPostprocessing = 0;
		};
/* End PBXResourcesBuildPhase section */

/* Begin PBXSourcesBuildPhase section */
		64CB46B42B85891900699611 /* Sources */ = {
			isa = PBXSourcesBuildPhase;
			buildActionMask = 2147483647;
			files = (
				646EFAE52B85D21C0094CDE3 /* NetworkManager.swift in Sources */,
				64D75EC72B8B9FBE0058B29D /* RemoteInage.swift in Sources */,
				646EFAE92B85DB0E0094CDE3 /* APError.swift in Sources */,
				64CB46BC2B85891900699611 /* Dek_D_InternApp.swift in Sources */,
				646EFAE32B85CC710094CDE3 /* CardView.swift in Sources */,
				6437BA852B86198600FFA22F /* NovelsListViewModel.swift in Sources */,
				64CB46CE2B858B8C00699611 /* NovelsListView.swift in Sources */,
				6437BA882B861A1100FFA22F /* Alert.swift in Sources */,
				642643FA2B8BDBC8008A8FAC /* BannerView.swift in Sources */,
				646EFAE72B85D22B0094CDE3 /* NovelModel.swift in Sources */,
				6434932F2B8BED77004880EC /* BannerSize + ext.swift in Sources */,
				642643F82B8BCFDB008A8FAC /* BannerModel.swift in Sources */,
			);
			runOnlyForDeploymentPostprocessing = 0;
		};
/* End PBXSourcesBuildPhase section */

/* Begin XCBuildConfiguration section */
		64CB46C42B85891B00699611 /* Debug */ = {
			isa = XCBuildConfiguration;
			buildSettings = {
				ALWAYS_SEARCH_USER_PATHS = NO;
				ASSETCATALOG_COMPILER_GENERATE_SWIFT_ASSET_SYMBOL_EXTENSIONS = YES;
				CLANG_ANALYZER_NONNULL = YES;
				CLANG_ANALYZER_NUMBER_OBJECT_CONVERSION = YES_AGGRESSIVE;
				CLANG_CXX_LANGUAGE_STANDARD = "gnu++20";
				CLANG_ENABLE_MODULES = YES;
				CLANG_ENABLE_OBJC_ARC = YES;
				CLANG_ENABLE_OBJC_WEAK = YES;
				CLANG_WARN_BLOCK_CAPTURE_AUTORELEASING = YES;
				CLANG_WARN_BOOL_CONVERSION = YES;
				CLANG_WARN_COMMA = YES;
				CLANG_WARN_CONSTANT_CONVERSION = YES;
				CLANG_WARN_DEPRECATED_OBJC_IMPLEMENTATIONS = YES;
				CLANG_WARN_DIRECT_OBJC_ISA_USAGE = YES_ERROR;
				CLANG_WARN_DOCUMENTATION_COMMENTS = YES;
				CLANG_WARN_EMPTY_BODY = YES;
				CLANG_WARN_ENUM_CONVERSION = YES;
				CLANG_WARN_INFINITE_RECURSION = YES;
				CLANG_WARN_INT_CONVERSION = YES;
				CLANG_WARN_NON_LITERAL_NULL_CONVERSION = YES;
				CLANG_WARN_OBJC_IMPLICIT_RETAIN_SELF = YES;
				CLANG_WARN_OBJC_LITERAL_CONVERSION = YES;
				CLANG_WARN_OBJC_ROOT_CLASS = YES_ERROR;
				CLANG_WARN_QUOTED_INCLUDE_IN_FRAMEWORK_HEADER = YES;
				CLANG_WARN_RANGE_LOOP_ANALYSIS = YES;
				CLANG_WARN_STRICT_PROTOTYPES = YES;
				CLANG_WARN_SUSPICIOUS_MOVE = YES;
				CLANG_WARN_UNGUARDED_AVAILABILITY = YES_AGGRESSIVE;
				CLANG_WARN_UNREACHABLE_CODE = YES;
				CLANG_WARN__DUPLICATE_METHOD_MATCH = YES;
				COPY_PHASE_STRIP = NO;
				DEBUG_INFORMATION_FORMAT = dwarf;
				ENABLE_STRICT_OBJC_MSGSEND = YES;
				ENABLE_TESTABILITY = YES;
				ENABLE_USER_SCRIPT_SANDBOXING = YES;
				GCC_C_LANGUAGE_STANDARD = gnu17;
				GCC_DYNAMIC_NO_PIC = NO;
				GCC_NO_COMMON_BLOCKS = YES;
				GCC_OPTIMIZATION_LEVEL = 0;
				GCC_PREPROCESSOR_DEFINITIONS = (
					"DEBUG=1",
					"$(inherited)",
				);
				GCC_WARN_64_TO_32_BIT_CONVERSION = YES;
				GCC_WARN_ABOUT_RETURN_TYPE = YES_ERROR;
				GCC_WARN_UNDECLARED_SELECTOR = YES;
				GCC_WARN_UNINITIALIZED_AUTOS = YES_AGGRESSIVE;
				GCC_WARN_UNUSED_FUNCTION = YES;
				GCC_WARN_UNUSED_VARIABLE = YES;
				IPHONEOS_DEPLOYMENT_TARGET = 17.2;
				LOCALIZATION_PREFERS_STRING_CATALOGS = YES;
				MTL_ENABLE_DEBUG_INFO = INCLUDE_SOURCE;
				MTL_FAST_MATH = YES;
				ONLY_ACTIVE_ARCH = YES;
				SDKROOT = iphoneos;
				SWIFT_ACTIVE_COMPILATION_CONDITIONS = "DEBUG $(inherited)";
				SWIFT_OPTIMIZATION_LEVEL = "-Onone";
			};
			name = Debug;
		};
		64CB46C52B85891B00699611 /* Release */ = {
			isa = XCBuildConfiguration;
			buildSettings = {
				ALWAYS_SEARCH_USER_PATHS = NO;
				ASSETCATALOG_COMPILER_GENERATE_SWIFT_ASSET_SYMBOL_EXTENSIONS = YES;
				CLANG_ANALYZER_NONNULL = YES;
				CLANG_ANALYZER_NUMBER_OBJECT_CONVERSION = YES_AGGRESSIVE;
				CLANG_CXX_LANGUAGE_STANDARD = "gnu++20";
				CLANG_ENABLE_MODULES = YES;
				CLANG_ENABLE_OBJC_ARC = YES;
				CLANG_ENABLE_OBJC_WEAK = YES;
				CLANG_WARN_BLOCK_CAPTURE_AUTORELEASING = YES;
				CLANG_WARN_BOOL_CONVERSION = YES;
				CLANG_WARN_COMMA = YES;
				CLANG_WARN_CONSTANT_CONVERSION = YES;
				CLANG_WARN_DEPRECATED_OBJC_IMPLEMENTATIONS = YES;
				CLANG_WARN_DIRECT_OBJC_ISA_USAGE = YES_ERROR;
				CLANG_WARN_DOCUMENTATION_COMMENTS = YES;
				CLANG_WARN_EMPTY_BODY = YES;
				CLANG_WARN_ENUM_CONVERSION = YES;
				CLANG_WARN_INFINITE_RECURSION = YES;
				CLANG_WARN_INT_CONVERSION = YES;
				CLANG_WARN_NON_LITERAL_NULL_CONVERSION = YES;
				CLANG_WARN_OBJC_IMPLICIT_RETAIN_SELF = YES;
				CLANG_WARN_OBJC_LITERAL_CONVERSION = YES;
				CLANG_WARN_OBJC_ROOT_CLASS = YES_ERROR;
				CLANG_WARN_QUOTED_INCLUDE_IN_FRAMEWORK_HEADER = YES;
				CLANG_WARN_RANGE_LOOP_ANALYSIS = YES;
				CLANG_WARN_STRICT_PROTOTYPES = YES;
				CLANG_WARN_SUSPICIOUS_MOVE = YES;
				CLANG_WARN_UNGUARDED_AVAILABILITY = YES_AGGRESSIVE;
				CLANG_WARN_UNREACHABLE_CODE = YES;
				CLANG_WARN__DUPLICATE_METHOD_MATCH = YES;
				COPY_PHASE_STRIP = NO;
				DEBUG_INFORMATION_FORMAT = "dwarf-with-dsym";
				ENABLE_NS_ASSERTIONS = NO;
				ENABLE_STRICT_OBJC_MSGSEND = YES;
				ENABLE_USER_SCRIPT_SANDBOXING = YES;
				GCC_C_LANGUAGE_STANDARD = gnu17;
				GCC_NO_COMMON_BLOCKS = YES;
				GCC_WARN_64_TO_32_BIT_CONVERSION = YES;
				GCC_WARN_ABOUT_RETURN_TYPE = YES_ERROR;
				GCC_WARN_UNDECLARED_SELECTOR = YES;
				GCC_WARN_UNINITIALIZED_AUTOS = YES_AGGRESSIVE;
				GCC_WARN_UNUSED_FUNCTION = YES;
				GCC_WARN_UNUSED_VARIABLE = YES;
				IPHONEOS_DEPLOYMENT_TARGET = 17.2;
				LOCALIZATION_PREFERS_STRING_CATALOGS = YES;
				MTL_ENABLE_DEBUG_INFO = NO;
				MTL_FAST_MATH = YES;
				SDKROOT = iphoneos;
				SWIFT_COMPILATION_MODE = wholemodule;
				VALIDATE_PRODUCT = YES;
			};
			name = Release;
		};
		64CB46C72B85891B00699611 /* Debug */ = {
			isa = XCBuildConfiguration;
			buildSettings = {
				ASSETCATALOG_COMPILER_APPICON_NAME = AppIcon;
				ASSETCATALOG_COMPILER_GLOBAL_ACCENT_COLOR_NAME = AccentColor;
				CODE_SIGN_STYLE = Automatic;
				CURRENT_PROJECT_VERSION = 1;
				DEVELOPMENT_ASSET_PATHS = "\"Dek-D-Intern/Preview Content\"";
				DEVELOPMENT_TEAM = H4X7G96ZKF;
				ENABLE_PREVIEWS = YES;
				GENERATE_INFOPLIST_FILE = YES;
				INFOPLIST_KEY_UIApplicationSceneManifest_Generation = YES;
				INFOPLIST_KEY_UIApplicationSupportsIndirectInputEvents = YES;
				INFOPLIST_KEY_UILaunchScreen_Generation = YES;
				INFOPLIST_KEY_UISupportedInterfaceOrientations_iPad = "UIInterfaceOrientationPortrait UIInterfaceOrientationPortraitUpsideDown UIInterfaceOrientationLandscapeLeft UIInterfaceOrientationLandscapeRight";
				INFOPLIST_KEY_UISupportedInterfaceOrientations_iPhone = "UIInterfaceOrientationPortrait UIInterfaceOrientationLandscapeLeft UIInterfaceOrientationLandscapeRight";
				LD_RUNPATH_SEARCH_PATHS = (
					"$(inherited)",
					"@executable_path/Frameworks",
				);
				MARKETING_VERSION = 1.0;
				PRODUCT_BUNDLE_IDENTIFIER = "com.palatipjant.Dek-D-Intern";
				PRODUCT_NAME = "$(TARGET_NAME)";
				SWIFT_EMIT_LOC_STRINGS = YES;
				SWIFT_VERSION = 5.0;
				TARGETED_DEVICE_FAMILY = "1,2";
			};
			name = Debug;
		};
		64CB46C82B85891B00699611 /* Release */ = {
			isa = XCBuildConfiguration;
			buildSettings = {
				ASSETCATALOG_COMPILER_APPICON_NAME = AppIcon;
				ASSETCATALOG_COMPILER_GLOBAL_ACCENT_COLOR_NAME = AccentColor;
				CODE_SIGN_STYLE = Automatic;
				CURRENT_PROJECT_VERSION = 1;
				DEVELOPMENT_ASSET_PATHS = "\"Dek-D-Intern/Preview Content\"";
				DEVELOPMENT_TEAM = H4X7G96ZKF;
				ENABLE_PREVIEWS = YES;
				GENERATE_INFOPLIST_FILE = YES;
				INFOPLIST_KEY_UIApplicationSceneManifest_Generation = YES;
				INFOPLIST_KEY_UIApplicationSupportsIndirectInputEvents = YES;
				INFOPLIST_KEY_UILaunchScreen_Generation = YES;
				INFOPLIST_KEY_UISupportedInterfaceOrientations_iPad = "UIInterfaceOrientationPortrait UIInterfaceOrientationPortraitUpsideDown UIInterfaceOrientationLandscapeLeft UIInterfaceOrientationLandscapeRight";
				INFOPLIST_KEY_UISupportedInterfaceOrientations_iPhone = "UIInterfaceOrientationPortrait UIInterfaceOrientationLandscapeLeft UIInterfaceOrientationLandscapeRight";
				LD_RUNPATH_SEARCH_PATHS = (
					"$(inherited)",
					"@executable_path/Frameworks",
				);
				MARKETING_VERSION = 1.0;
				PRODUCT_BUNDLE_IDENTIFIER = "com.palatipjant.Dek-D-Intern";
				PRODUCT_NAME = "$(TARGET_NAME)";
				SWIFT_EMIT_LOC_STRINGS = YES;
				SWIFT_VERSION = 5.0;
				TARGETED_DEVICE_FAMILY = "1,2";
			};
			name = Release;
		};
/* End XCBuildConfiguration section */

/* Begin XCConfigurationList section */
		64CB46B32B85891900699611 /* Build configuration list for PBXProject "Dek-D-Intern" */ = {
			isa = XCConfigurationList;
			buildConfigurations = (
				64CB46C42B85891B00699611 /* Debug */,
				64CB46C52B85891B00699611 /* Release */,
			);
			defaultConfigurationIsVisible = 0;
			defaultConfigurationName = Release;
		};
		64CB46C62B85891B00699611 /* Build configuration list for PBXNativeTarget "Dek-D-Intern" */ = {
			isa = XCConfigurationList;
			buildConfigurations = (
				64CB46C72B85891B00699611 /* Debug */,
				64CB46C82B85891B00699611 /* Release */,
			);
			defaultConfigurationIsVisible = 0;
			defaultConfigurationName = Release;
		};
/* End XCConfigurationList section */
	};
	rootObject = 64CB46B02B85891900699611 /* Project object */;
}
